
Microsoft Visual Studio Solution File, Format Version 12.00
# Visual Studio Version 16
VisualStudioVersion = 16.0.30011.22
MinimumVisualStudioVersion = 10.0.40219.1
Project("{FAE04EC0-301F-11D3-BF4B-00C04F79EFBC}") = "TreeFactoryView", "TreeFactoryView.csproj", "{3C676858-F7B6-408E-860D-91D691E27922}"
EndProject
Project("{9A19103F-16F7-4668-BE54-9A1E7A4F7556}") = "TreeFactoryBusinessLogic", "..\TreeFactoryBusinessLogic\TreeFactoryBusinessLogic.csproj", "{6F9C20ED-80EA-413F-9208-59E7DF8792E9}"
EndProject
Project("{9A19103F-16F7-4668-BE54-9A1E7A4F7556}") = "TreeFactoryListImplement", "..\TreeFactoryListImplement\TreeFactoryListImplement.csproj", "{0C51B6CD-4BFF-41FB-8736-965FC70929F2}"
EndProject
Project("{FAE04EC0-301F-11D3-BF4B-00C04F79EFBC}") = "TreeFactoryFileImplement", "..\TreeFactoryFileImplement\TreeFactoryFileImplement\TreeFactoryFileImplement.csproj", "{BA26AD37-63AB-4E44-85AF-750878D1A8CE}"
EndProject
Global
	GlobalSection(SolutionConfigurationPlatforms) = preSolution
		Debug|Any CPU = Debug|Any CPU
		Release|Any CPU = Release|Any CPU
	EndGlobalSection
	GlobalSection(ProjectConfigurationPlatforms) = postSolution
		{3C676858-F7B6-408E-860D-91D691E27922}.Debug|Any CPU.ActiveCfg = Debug|Any CPU
		{3C676858-F7B6-408E-860D-91D691E27922}.Debug|Any CPU.Build.0 = Debug|Any CPU
		{3C676858-F7B6-408E-860D-91D691E27922}.Release|Any CPU.ActiveCfg = Release|Any CPU
		{3C676858-F7B6-408E-860D-91D691E27922}.Release|Any CPU.Build.0 = Release|Any CPU
		{6F9C20ED-80EA-413F-9208-59E7DF8792E9}.Debug|Any CPU.ActiveCfg = Debug|Any CPU
		{6F9C20ED-80EA-413F-9208-59E7DF8792E9}.Debug|Any CPU.Build.0 = Debug|Any CPU
		{6F9C20ED-80EA-413F-9208-59E7DF8792E9}.Release|Any CPU.ActiveCfg = Release|Any CPU
		{6F9C20ED-80EA-413F-9208-59E7DF8792E9}.Release|Any CPU.Build.0 = Release|Any CPU
		{0C51B6CD-4BFF-41FB-8736-965FC70929F2}.Debug|Any CPU.ActiveCfg = Debug|Any CPU
		{0C51B6CD-4BFF-41FB-8736-965FC70929F2}.Debug|Any CPU.Build.0 = Debug|Any CPU
		{0C51B6CD-4BFF-41FB-8736-965FC70929F2}.Release|Any CPU.ActiveCfg = Release|Any CPU
		{0C51B6CD-4BFF-41FB-8736-965FC70929F2}.Release|Any CPU.Build.0 = Release|Any CPU
		{BA26AD37-63AB-4E44-85AF-750878D1A8CE}.Debug|Any CPU.ActiveCfg = Debug|Any CPU
		{BA26AD37-63AB-4E44-85AF-750878D1A8CE}.Debug|Any CPU.Build.0 = Debug|Any CPU
		{BA26AD37-63AB-4E44-85AF-750878D1A8CE}.Release|Any CPU.ActiveCfg = Release|Any CPU
		{BA26AD37-63AB-4E44-85AF-750878D1A8CE}.Release|Any CPU.Build.0 = Release|Any CPU
	EndGlobalSection
	GlobalSection(SolutionProperties) = preSolution
		HideSolutionNode = FALSE
	EndGlobalSection
	GlobalSection(ExtensibilityGlobals) = postSolution
		SolutionGuid = {2B55A828-07B4-420A-A74E-0057FB01DA7E}
	EndGlobalSection
EndGlobal
